// !$*UTF8*$!
{
	archiveVersion = 1;
	classes = {
	};
	objectVersion = 50;
	objects = {

/* Begin PBXBuildFile section */
		9DA7C36425A73F7900771EDA /* SimpleSwiftFramework.framework in Frameworks */ = {isa = PBXBuildFile; fileRef = 9DA7C35A25A73F7900771EDA /* SimpleSwiftFramework.framework */; };
		9DA7C36925A73F7900771EDA /* SimpleSwiftFrameworkTests.swift in Sources */ = {isa = PBXBuildFile; fileRef = 9DA7C36825A73F7900771EDA /* SimpleSwiftFrameworkTests.swift */; };
		9DA7C36B25A73F7900771EDA /* SimpleSwiftFramework.h in Headers */ = {isa = PBXBuildFile; fileRef = 9DA7C35D25A73F7900771EDA /* SimpleSwiftFramework.h */; settings = {ATTRIBUTES = (Public, ); }; };
		9DA7C37725A73FE400771EDA /* CallingFrameworkFunction.swift in Sources */ = {isa = PBXBuildFile; fileRef = 9DA7C37625A73FE400771EDA /* CallingFrameworkFunction.swift */; };
/* End PBXBuildFile section */

/* Begin PBXContainerItemProxy section */
		9DA7C36525A73F7900771EDA /* PBXContainerItemProxy */ = {
			isa = PBXContainerItemProxy;
			containerPortal = 9DA7C35125A73F7900771EDA /* Project object */;
			proxyType = 1;
			remoteGlobalIDString = 9DA7C35925A73F7900771EDA;
			remoteInfo = SimpleSwiftFramework;
		};
/* End PBXContainerItemProxy section */

/* Begin PBXFileReference section */
		9DA7C35A25A73F7900771EDA /* SimpleSwiftFramework.framework */ = {isa = PBXFileReference; explicitFileType = wrapper.framework; includeInIndex = 0; path = SimpleSwiftFramework.framework; sourceTree = BUILT_PRODUCTS_DIR; };
		9DA7C35D25A73F7900771EDA /* SimpleSwiftFramework.h */ = {isa = PBXFileReference; lastKnownFileType = sourcecode.c.h; path = SimpleSwiftFramework.h; sourceTree = "<group>"; };
		9DA7C35E25A73F7900771EDA /* Info.plist */ = {isa = PBXFileReference; lastKnownFileType = text.plist.xml; path = Info.plist; sourceTree = "<group>"; };
		9DA7C36325A73F7900771EDA /* SimpleSwiftFrameworkTests.xctest */ = {isa = PBXFileReference; explicitFileType = wrapper.cfbundle; includeInIndex = 0; path = SimpleSwiftFrameworkTests.xctest; sourceTree = BUILT_PRODUCTS_DIR; };
		9DA7C36825A73F7900771EDA /* SimpleSwiftFrameworkTests.swift */ = {isa = PBXFileReference; lastKnownFileType = sourcecode.swift; path = SimpleSwiftFrameworkTests.swift; sourceTree = "<group>"; };
		9DA7C36A25A73F7900771EDA /* Info.plist */ = {isa = PBXFileReference; lastKnownFileType = text.plist.xml; path = Info.plist; sourceTree = "<group>"; };
		9DA7C37625A73FE400771EDA /* CallingFrameworkFunction.swift */ = {isa = PBXFileReference; lastKnownFileType = sourcecode.swift; path = CallingFrameworkFunction.swift; sourceTree = "<group>"; };
/* End PBXFileReference section */

/* Begin PBXFrameworksBuildPhase section */
		9DA7C35725A73F7900771EDA /* Frameworks */ = {
			isa = PBXFrameworksBuildPhase;
			buildActionMask = 2147483647;
			files = (
			);
			runOnlyForDeploymentPostprocessing = 0;
		};
		9DA7C36025A73F7900771EDA /* Frameworks */ = {
			isa = PBXFrameworksBuildPhase;
			buildActionMask = 2147483647;
			files = (
				9DA7C36425A73F7900771EDA /* SimpleSwiftFramework.framework in Frameworks */,
			);
			runOnlyForDeploymentPostprocessing = 0;
		};
/* End PBXFrameworksBuildPhase section */

/* Begin PBXGroup section */
		9DA7C35025A73F7900771EDA = {
			isa = PBXGroup;
			children = (
				9DA7C35C25A73F7900771EDA /* SimpleSwiftFramework */,
				9DA7C36725A73F7900771EDA /* SimpleSwiftFrameworkTests */,
				9DA7C35B25A73F7900771EDA /* Products */,
			);
			sourceTree = "<group>";
		};
		9DA7C35B25A73F7900771EDA /* Products */ = {
			isa = PBXGroup;
			children = (
				9DA7C35A25A73F7900771EDA /* SimpleSwiftFramework.framework */,
				9DA7C36325A73F7900771EDA /* SimpleSwiftFrameworkTests.xctest */,
			);
			name = Products;
			sourceTree = "<group>";
		};
		9DA7C35C25A73F7900771EDA /* SimpleSwiftFramework */ = {
			isa = PBXGroup;
			children = (
				9DA7C35D25A73F7900771EDA /* SimpleSwiftFramework.h */,
				9DA7C35E25A73F7900771EDA /* Info.plist */,
				9DA7C37625A73FE400771EDA /* CallingFrameworkFunction.swift */,
			);
			path = SimpleSwiftFramework;
			sourceTree = "<group>";
		};
		9DA7C36725A73F7900771EDA /* SimpleSwiftFrameworkTests */ = {
			isa = PBXGroup;
			children = (
				9DA7C36825A73F7900771EDA /* SimpleSwiftFrameworkTests.swift */,
				9DA7C36A25A73F7900771EDA /* Info.plist */,
			);
			path = SimpleSwiftFrameworkTests;
			sourceTree = "<group>";
		};
/* End PBXGroup section */

/* Begin PBXHeadersBuildPhase section */
		9DA7C35525A73F7900771EDA /* Headers */ = {
			isa = PBXHeadersBuildPhase;
			buildActionMask = 2147483647;
			files = (
				9DA7C36B25A73F7900771EDA /* SimpleSwiftFramework.h in Headers */,
			);
			runOnlyForDeploymentPostprocessing = 0;
		};
/* End PBXHeadersBuildPhase section */

/* Begin PBXNativeTarget section */
		9DA7C35925A73F7900771EDA /* SimpleSwiftFramework */ = {
			isa = PBXNativeTarget;
			buildConfigurationList = 9DA7C36E25A73F7900771EDA /* Build configuration list for PBXNativeTarget "SimpleSwiftFramework" */;
			buildPhases = (
				9DA7C35525A73F7900771EDA /* Headers */,
				9DA7C35625A73F7900771EDA /* Sources */,
				9DA7C35725A73F7900771EDA /* Frameworks */,
				9DA7C35825A73F7900771EDA /* Resources */,
			);
			buildRules = (
			);
			dependencies = (
			);
			name = SimpleSwiftFramework;
			productName = SimpleSwiftFramework;
			productReference = 9DA7C35A25A73F7900771EDA /* SimpleSwiftFramework.framework */;
			productType = "com.apple.product-type.framework";
		};
		9DA7C36225A73F7900771EDA /* SimpleSwiftFrameworkTests */ = {
			isa = PBXNativeTarget;
			buildConfigurationList = 9DA7C37125A73F7900771EDA /* Build configuration list for PBXNativeTarget "SimpleSwiftFrameworkTests" */;
			buildPhases = (
				9DA7C35F25A73F7900771EDA /* Sources */,
				9DA7C36025A73F7900771EDA /* Frameworks */,
				9DA7C36125A73F7900771EDA /* Resources */,
			);
			buildRules = (
			);
			dependencies = (
				9DA7C36625A73F7900771EDA /* PBXTargetDependency */,
			);
			name = SimpleSwiftFrameworkTests;
			productName = SimpleSwiftFrameworkTests;
			productReference = 9DA7C36325A73F7900771EDA /* SimpleSwiftFrameworkTests.xctest */;
			productType = "com.apple.product-type.bundle.unit-test";
		};
/* End PBXNativeTarget section */

/* Begin PBXProject section */
		9DA7C35125A73F7900771EDA /* Project object */ = {
			isa = PBXProject;
			attributes = {
				LastSwiftUpdateCheck = 1230;
				LastUpgradeCheck = 1230;
				TargetAttributes = {
					9DA7C35925A73F7900771EDA = {
						CreatedOnToolsVersion = 12.3;
						LastSwiftMigration = 1230;
					};
					9DA7C36225A73F7900771EDA = {
						CreatedOnToolsVersion = 12.3;
					};
				};
			};
			buildConfigurationList = 9DA7C35425A73F7900771EDA /* Build configuration list for PBXProject "SimpleSwiftFramework" */;
			compatibilityVersion = "Xcode 9.3";
			developmentRegion = en;
			hasScannedForEncodings = 0;
			knownRegions = (
				en,
				Base,
			);
			mainGroup = 9DA7C35025A73F7900771EDA;
			productRefGroup = 9DA7C35B25A73F7900771EDA /* Products */;
			projectDirPath = "";
			projectRoot = "";
			targets = (
				9DA7C35925A73F7900771EDA /* SimpleSwiftFramework */,
				9DA7C36225A73F7900771EDA /* SimpleSwiftFrameworkTests */,
			);
		};
/* End PBXProject section */

/* Begin PBXResourcesBuildPhase section */
		9DA7C35825A73F7900771EDA /* Resources */ = {
			isa = PBXResourcesBuildPhase;
			buildActionMask = 2147483647;
			files = (
			);
			runOnlyForDeploymentPostprocessing = 0;
		};
		9DA7C36125A73F7900771EDA /* Resources */ = {
			isa = PBXResourcesBuildPhase;
			buildActionMask = 2147483647;
			files = (
			);
			runOnlyForDeploymentPostprocessing = 0;
		};
/* End PBXResourcesBuildPhase section */

/* Begin PBXSourcesBuildPhase section */
		9DA7C35625A73F7900771EDA /* Sources */ = {
			isa = PBXSourcesBuildPhase;
			buildActionMask = 2147483647;
			files = (
				9DA7C37725A73FE400771EDA /* CallingFrameworkFunction.swift in Sources */,
			);
			runOnlyForDeploymentPostprocessing = 0;
		};
		9DA7C35F25A73F7900771EDA /* Sources */ = {
			isa = PBXSourcesBuildPhase;
			buildActionMask = 2147483647;
			files = (
				9DA7C36925A73F7900771EDA /* SimpleSwiftFrameworkTests.swift in Sources */,
			);
			runOnlyForDeploymentPostprocessing = 0;
		};
/* End PBXSourcesBuildPhase section */

/* Begin PBXTargetDependency section */
		9DA7C36625A73F7900771EDA /* PBXTargetDependency */ = {
			isa = PBXTargetDependency;
			target = 9DA7C35925A73F7900771EDA /* SimpleSwiftFramework */;
			targetProxy = 9DA7C36525A73F7900771EDA /* PBXContainerItemProxy */;
		};
/* End PBXTargetDependency section */

/* Begin XCBuildConfiguration section */
		9DA7C36C25A73F7900771EDA /* Debug */ = {
			isa = XCBuildConfiguration;
			buildSettings = {
				ALWAYS_SEARCH_USER_PATHS = NO;
				CLANG_ANALYZER_NONNULL = YES;
				CLANG_ANALYZER_NUMBER_OBJECT_CONVERSION = YES_AGGRESSIVE;
				CLANG_CXX_LANGUAGE_STANDARD = "gnu++14";
				CLANG_CXX_LIBRARY = "libc++";
				CLANG_ENABLE_MODULES = YES;
				CLANG_ENABLE_OBJC_ARC = YES;
				CLANG_ENABLE_OBJC_WEAK = YES;
				CLANG_WARN_BLOCK_CAPTURE_AUTORELEASING = YES;
				CLANG_WARN_BOOL_CONVERSION = YES;
				CLANG_WARN_COMMA = YES;
				CLANG_WARN_CONSTANT_CONVERSION = YES;
				CLANG_WARN_DEPRECATED_OBJC_IMPLEMENTATIONS = YES;
				CLANG_WARN_DIRECT_OBJC_ISA_USAGE = YES_ERROR;
				CLANG_WARN_DOCUMENTATION_COMMENTS = YES;
				CLANG_WARN_EMPTY_BODY = YES;
				CLANG_WARN_ENUM_CONVERSION = YES;
				CLANG_WARN_INFINITE_RECURSION = YES;
				CLANG_WARN_INT_CONVERSION = YES;
				CLANG_WARN_NON_LITERAL_NULL_CONVERSION = YES;
				CLANG_WARN_OBJC_IMPLICIT_RETAIN_SELF = YES;
				CLANG_WARN_OBJC_LITERAL_CONVERSION = YES;
				CLANG_WARN_OBJC_ROOT_CLASS = YES_ERROR;
				CLANG_WARN_QUOTED_INCLUDE_IN_FRAMEWORK_HEADER = YES;
				CLANG_WARN_RANGE_LOOP_ANALYSIS = YES;
				CLANG_WARN_STRICT_PROTOTYPES = YES;
				CLANG_WARN_SUSPICIOUS_MOVE = YES;
				CLANG_WARN_UNGUARDED_AVAILABILITY = YES_AGGRESSIVE;
				CLANG_WARN_UNREACHABLE_CODE = YES;
				CLANG_WARN__DUPLICATE_METHOD_MATCH = YES;
				COPY_PHASE_STRIP = NO;
				CURRENT_PROJECT_VERSION = 1;
				DEBUG_INFORMATION_FORMAT = dwarf;
				ENABLE_STRICT_OBJC_MSGSEND = YES;
				ENABLE_TESTABILITY = YES;
				GCC_C_LANGUAGE_STANDARD = gnu11;
				GCC_DYNAMIC_NO_PIC = NO;
				GCC_NO_COMMON_BLOCKS = YES;
				GCC_OPTIMIZATION_LEVEL = 0;
				GCC_PREPROCESSOR_DEFINITIONS = (
					"DEBUG=1",
					"$(inherited)",
				);
				GCC_WARN_64_TO_32_BIT_CONVERSION = YES;
				GCC_WARN_ABOUT_RETURN_TYPE = YES_ERROR;
				GCC_WARN_UNDECLARED_SELECTOR = YES;
				GCC_WARN_UNINITIALIZED_AUTOS = YES_AGGRESSIVE;
				GCC_WARN_UNUSED_FUNCTION = YES;
				GCC_WARN_UNUSED_VARIABLE = YES;
				IPHONEOS_DEPLOYMENT_TARGET = 14.3;
				MTL_ENABLE_DEBUG_INFO = INCLUDE_SOURCE;
				MTL_FAST_MATH = YES;
				ONLY_ACTIVE_ARCH = YES;
				SDKROOT = iphoneos;
				SWIFT_ACTIVE_COMPILATION_CONDITIONS = DEBUG;
				SWIFT_OPTIMIZATION_LEVEL = "-Onone";
				VERSIONING_SYSTEM = "apple-generic";
				VERSION_INFO_PREFIX = "";
			};
			name = Debug;
		};
		9DA7C36D25A73F7900771EDA /* Release */ = {
			isa = XCBuildConfiguration;
			buildSettings = {
				ALWAYS_SEARCH_USER_PATHS = NO;
				CLANG_ANALYZER_NONNULL = YES;
				CLANG_ANALYZER_NUMBER_OBJECT_CONVERSION = YES_AGGRESSIVE;
				CLANG_CXX_LANGUAGE_STANDARD = "gnu++14";
				CLANG_CXX_LIBRARY = "libc++";
				CLANG_ENABLE_MODULES = YES;
				CLANG_ENABLE_OBJC_ARC = YES;
				CLANG_ENABLE_OBJC_WEAK = YES;
				CLANG_WARN_BLOCK_CAPTURE_AUTORELEASING = YES;
				CLANG_WARN_BOOL_CONVERSION = YES;
				CLANG_WARN_COMMA = YES;
				CLANG_WARN_CONSTANT_CONVERSION = YES;
				CLANG_WARN_DEPRECATED_OBJC_IMPLEMENTATIONS = YES;
				CLANG_WARN_DIRECT_OBJC_ISA_USAGE = YES_ERROR;
				CLANG_WARN_DOCUMENTATION_COMMENTS = YES;
				CLANG_WARN_EMPTY_BODY = YES;
				CLANG_WARN_ENUM_CONVERSION = YES;
				CLANG_WARN_INFINITE_RECURSION = YES;
				CLANG_WARN_INT_CONVERSION = YES;
				CLANG_WARN_NON_LITERAL_NULL_CONVERSION = YES;
				CLANG_WARN_OBJC_IMPLICIT_RETAIN_SELF = YES;
				CLANG_WARN_OBJC_LITERAL_CONVERSION = YES;
				CLANG_WARN_OBJC_ROOT_CLASS = YES_ERROR;
				CLANG_WARN_QUOTED_INCLUDE_IN_FRAMEWORK_HEADER = YES;
				CLANG_WARN_RANGE_LOOP_ANALYSIS = YES;
				CLANG_WARN_STRICT_PROTOTYPES = YES;
				CLANG_WARN_SUSPICIOUS_MOVE = YES;
				CLANG_WARN_UNGUARDED_AVAILABILITY = YES_AGGRESSIVE;
				CLANG_WARN_UNREACHABLE_CODE = YES;
				CLANG_WARN__DUPLICATE_METHOD_MATCH = YES;
				COPY_PHASE_STRIP = NO;
				CURRENT_PROJECT_VERSION = 1;
				DEBUG_INFORMATION_FORMAT = "dwarf-with-dsym";
				ENABLE_NS_ASSERTIONS = NO;
				ENABLE_STRICT_OBJC_MSGSEND = YES;
				GCC_C_LANGUAGE_STANDARD = gnu11;
				GCC_NO_COMMON_BLOCKS = YES;
				GCC_WARN_64_TO_32_BIT_CONVERSION = YES;
				GCC_WARN_ABOUT_RETURN_TYPE = YES_ERROR;
				GCC_WARN_UNDECLARED_SELECTOR = YES;
				GCC_WARN_UNINITIALIZED_AUTOS = YES_AGGRESSIVE;
				GCC_WARN_UNUSED_FUNCTION = YES;
				GCC_WARN_UNUSED_VARIABLE = YES;
				IPHONEOS_DEPLOYMENT_TARGET = 14.3;
				MTL_ENABLE_DEBUG_INFO = NO;
				MTL_FAST_MATH = YES;
				SDKROOT = iphoneos;
				SWIFT_COMPILATION_MODE = wholemodule;
				SWIFT_OPTIMIZATION_LEVEL = "-O";
				VALIDATE_PRODUCT = YES;
				VERSIONING_SYSTEM = "apple-generic";
				VERSION_INFO_PREFIX = "";
			};
			name = Release;
		};
		9DA7C36F25A73F7900771EDA /* Debug */ = {
			isa = XCBuildConfiguration;
			buildSettings = {
				CLANG_ENABLE_MODULES = YES;
				CODE_SIGN_STYLE = Automatic;
				DEFINES_MODULE = YES;
				DYLIB_COMPATIBILITY_VERSION = 1;
				DYLIB_CURRENT_VERSION = 1;
				DYLIB_INSTALL_NAME_BASE = "@rpath";
				INFOPLIST_FILE = SimpleSwiftFramework/Info.plist;
				INSTALL_PATH = "$(LOCAL_LIBRARY_DIR)/Frameworks";
				LD_RUNPATH_SEARCH_PATHS = (
					"$(inherited)",
					"@executable_path/Frameworks",
					"@loader_path/Frameworks",
				);
				PRODUCT_BUNDLE_IDENTIFIER = com.bron.SimpleSwiftFramework;
				PRODUCT_NAME = "$(TARGET_NAME:c99extidentifier)";
				SKIP_INSTALL = YES;
				SWIFT_OPTIMIZATION_LEVEL = "-Onone";
				SWIFT_VERSION = 5.0;
				TARGETED_DEVICE_FAMILY = "1,2";
			};
			name = Debug;
		};
		9DA7C37025A73F7900771EDA /* Release */ = {
			isa = XCBuildConfiguration;
			buildSettings = {
				CLANG_ENABLE_MODULES = YES;
				CODE_SIGN_STYLE = Automatic;
				DEFINES_MODULE = YES;
				DYLIB_COMPATIBILITY_VERSION = 1;
				DYLIB_CURRENT_VERSION = 1;
				DYLIB_INSTALL_NAME_BASE = "@rpath";
				INFOPLIST_FILE = SimpleSwiftFramework/Info.plist;
				INSTALL_PATH = "$(LOCAL_LIBRARY_DIR)/Frameworks";
				LD_RUNPATH_SEARCH_PATHS = (
					"$(inherited)",
					"@executable_path/Frameworks",
					"@loader_path/Frameworks",
				);
				PRODUCT_BUNDLE_IDENTIFIER = com.bron.SimpleSwiftFramework;
				PRODUCT_NAME = "$(TARGET_NAME:c99extidentifier)";
				SKIP_INSTALL = YES;
				SWIFT_VERSION = 5.0;
				TARGETED_DEVICE_FAMILY = "1,2";
			};
			name = Release;
		};
		9DA7C37225A73F7900771EDA /* Debug */ = {
			isa = XCBuildConfiguration;
			buildSettings = {
				ALWAYS_EMBED_SWIFT_STANDARD_LIBRARIES = YES;
				CODE_SIGN_STYLE = Automatic;
				INFOPLIST_FILE = SimpleSwiftFrameworkTests/Info.plist;
				LD_RUNPATH_SEARCH_PATHS = (
					"$(inherited)",
					"@executable_path/Frameworks",
					"@loader_path/Frameworks",
				);
				PRODUCT_BUNDLE_IDENTIFIER = com.bron.SimpleSwiftFrameworkTests;
				PRODUCT_NAME = "$(TARGET_NAME)";
				SWIFT_VERSION = 5.0;
				TARGETED_DEVICE_FAMILY = "1,2";
			};
			name = Debug;
		};
		9DA7C37325A73F7900771EDA /* Release */ = {
			isa = XCBuildConfiguration;
			buildSettings = {
				ALWAYS_EMBED_SWIFT_STANDARD_LIBRARIES = YES;
				CODE_SIGN_STYLE = Automatic;
				INFOPLIST_FILE = SimpleSwiftFrameworkTests/Info.plist;
				LD_RUNPATH_SEARCH_PATHS = (
					"$(inherited)",
					"@executable_path/Frameworks",
					"@loader_path/Frameworks",
				);
				PRODUCT_BUNDLE_IDENTIFIER = com.bron.SimpleSwiftFrameworkTests;
				PRODUCT_NAME = "$(TARGET_NAME)";
				SWIFT_VERSION = 5.0;
				TARGETED_DEVICE_FAMILY = "1,2";
			};
			name = Release;
		};
/* End XCBuildConfiguration section */

/* Begin XCConfigurationList section */
		9DA7C35425A73F7900771EDA /* Build configuration list for PBXProject "SimpleSwiftFramework" */ = {
			isa = XCConfigurationList;
			buildConfigurations = (
				9DA7C36C25A73F7900771EDA /* Debug */,
				9DA7C36D25A73F7900771EDA /* Release */,
			);
			defaultConfigurationIsVisible = 0;
			defaultConfigurationName = Release;
		};
		9DA7C36E25A73F7900771EDA /* Build configuration list for PBXNativeTarget "SimpleSwiftFramework" */ = {
			isa = XCConfigurationList;
			buildConfigurations = (
				9DA7C36F25A73F7900771EDA /* Debug */,
				9DA7C37025A73F7900771EDA /* Release */,
			);
			defaultConfigurationIsVisible = 0;
			defaultConfigurationName = Release;
		};
		9DA7C37125A73F7900771EDA /* Build configuration list for PBXNativeTarget "SimpleSwiftFrameworkTests" */ = {
			isa = XCConfigurationList;
			buildConfigurations = (
				9DA7C37225A73F7900771EDA /* Debug */,
				9DA7C37325A73F7900771EDA /* Release */,
			);
			defaultConfigurationIsVisible = 0;
			defaultConfigurationName = Release;
		};
/* End XCConfigurationList section */
	};
	rootObject = 9DA7C35125A73F7900771EDA /* Project object */;
}
